
Microsoft Visual Studio Solution File, Format Version 12.00
# Visual Studio Version 16
VisualStudioVersion = 16.0.29613.14
MinimumVisualStudioVersion = 10.0.40219.1
Project("{FAE04EC0-301F-11D3-BF4B-00C04F79EFBC}") = "Dining_Philosophers", "Dining_Philosophers\Dining_Philosophers.csproj", "{44F3AF10-EDC0-4673-9AD9-76B1A80F8F17}"
EndProject
Global
	GlobalSection(SolutionConfigurationPlatforms) = preSolution
		Debug|Any CPU = Debug|Any CPU
		Release|Any CPU = Release|Any CPU
	EndGlobalSection
	GlobalSection(ProjectConfigurationPlatforms) = postSolution
		{44F3AF10-EDC0-4673-9AD9-76B1A80F8F17}.Debug|Any CPU.ActiveCfg = Debug|Any CPU
		{44F3AF10-EDC0-4673-9AD9-76B1A80F8F17}.Debug|Any CPU.Build.0 = Debug|Any CPU
		{44F3AF10-EDC0-4673-9AD9-76B1A80F8F17}.Release|Any CPU.ActiveCfg = Release|Any CPU
		{44F3AF10-EDC0-4673-9AD9-76B1A80F8F17}.Release|Any CPU.Build.0 = Release|Any CPU
	EndGlobalSection
	GlobalSection(SolutionProperties) = preSolution
		HideSolutionNode = FALSE
	EndGlobalSection
	GlobalSection(ExtensibilityGlobals) = postSolution
		SolutionGuid = {59542B09-0CEB-425E-B3C0-F350C782424B}
	EndGlobalSection
EndGlobal
